
Microsoft Visual Studio Solution File, Format Version 12.00
# Visual Studio Version 17
VisualStudioVersion = 17.5.002.0
MinimumVisualStudioVersion = 10.0.40219.1
Project("{9A19103F-16F7-4668-BE54-9A1E7A4F7556}") = "ProductsSolution.Persistence", "ProductsSolution.Persistence.csproj", "{B88B5177-48D3-4000-941A-C2F52FF36FC1}"
EndProject
Global
	GlobalSection(SolutionConfigurationPlatforms) = preSolution
		Debug|Any CPU = Debug|Any CPU
		Release|Any CPU = Release|Any CPU
	EndGlobalSection
	GlobalSection(ProjectConfigurationPlatforms) = postSolution
		{B88B5177-48D3-4000-941A-C2F52FF36FC1}.Debug|Any CPU.ActiveCfg = Debug|Any CPU
		{B88B5177-48D3-4000-941A-C2F52FF36FC1}.Debug|Any CPU.Build.0 = Debug|Any CPU
		{B88B5177-48D3-4000-941A-C2F52FF36FC1}.Release|Any CPU.ActiveCfg = Release|Any CPU
		{B88B5177-48D3-4000-941A-C2F52FF36FC1}.Release|Any CPU.Build.0 = Release|Any CPU
	EndGlobalSection
	GlobalSection(SolutionProperties) = preSolution
		HideSolutionNode = FALSE
	EndGlobalSection
	GlobalSection(ExtensibilityGlobals) = postSolution
		SolutionGuid = {416DA0C0-8256-4275-8AE3-A0B9FDE42231}
	EndGlobalSection
EndGlobal
